// !$*UTF8*$!
{
	archiveVersion = 1;
	classes = {
	};
	objectVersion = 50;
	objects = {

/* Begin PBXBuildFile section */
		C08A603E252C9F1A002CA451 /* AppDelegate.swift in Sources */ = {isa = PBXBuildFile; fileRef = C08A603D252C9F1A002CA451 /* AppDelegate.swift */; };
		C08A6040252C9F1A002CA451 /* SceneDelegate.swift in Sources */ = {isa = PBXBuildFile; fileRef = C08A603F252C9F1A002CA451 /* SceneDelegate.swift */; };
		C08A6042252C9F1A002CA451 /* MainViewController.swift in Sources */ = {isa = PBXBuildFile; fileRef = C08A6041252C9F1A002CA451 /* MainViewController.swift */; };
		C08A6047252C9F20002CA451 /* Assets.xcassets in Resources */ = {isa = PBXBuildFile; fileRef = C08A6046252C9F20002CA451 /* Assets.xcassets */; };
		C08A604A252C9F20002CA451 /* LaunchScreen.storyboard in Resources */ = {isa = PBXBuildFile; fileRef = C08A6048252C9F20002CA451 /* LaunchScreen.storyboard */; };
		C08A6062252CC62A002CA451 /* FilmCell.swift in Sources */ = {isa = PBXBuildFile; fileRef = C08A6061252CC62A002CA451 /* FilmCell.swift */; };
		C08A6065252E0283002CA451 /* DescriptionViewController.swift in Sources */ = {isa = PBXBuildFile; fileRef = C08A6064252E0283002CA451 /* DescriptionViewController.swift */; };
		C08A6068252E113E002CA451 /* Films.swift in Sources */ = {isa = PBXBuildFile; fileRef = C08A6067252E113E002CA451 /* Films.swift */; };
		C08A606B252E1440002CA451 /* NetworkService.swift in Sources */ = {isa = PBXBuildFile; fileRef = C08A606A252E1440002CA451 /* NetworkService.swift */; };
		C08A606F252E312C002CA451 /* UIAlertController.swift in Sources */ = {isa = PBXBuildFile; fileRef = C08A606E252E312C002CA451 /* UIAlertController.swift */; };
		C08A6072252E4462002CA451 /* FilmDescription.swift in Sources */ = {isa = PBXBuildFile; fileRef = C08A6071252E4462002CA451 /* FilmDescription.swift */; };
		C08A607D2535CF22002CA451 /* ApiUrl.swift in Sources */ = {isa = PBXBuildFile; fileRef = C08A607C2535CF22002CA451 /* ApiUrl.swift */; };
/* End PBXBuildFile section */

/* Begin PBXFileReference section */
		C08A603A252C9F1A002CA451 /* Films.app */ = {isa = PBXFileReference; explicitFileType = wrapper.application; includeInIndex = 0; path = Films.app; sourceTree = BUILT_PRODUCTS_DIR; };
		C08A603D252C9F1A002CA451 /* AppDelegate.swift */ = {isa = PBXFileReference; lastKnownFileType = sourcecode.swift; path = AppDelegate.swift; sourceTree = "<group>"; };
		C08A603F252C9F1A002CA451 /* SceneDelegate.swift */ = {isa = PBXFileReference; lastKnownFileType = sourcecode.swift; path = SceneDelegate.swift; sourceTree = "<group>"; };
		C08A6041252C9F1A002CA451 /* MainViewController.swift */ = {isa = PBXFileReference; lastKnownFileType = sourcecode.swift; path = MainViewController.swift; sourceTree = "<group>"; };
		C08A6046252C9F20002CA451 /* Assets.xcassets */ = {isa = PBXFileReference; lastKnownFileType = folder.assetcatalog; path = Assets.xcassets; sourceTree = "<group>"; };
		C08A6049252C9F20002CA451 /* Base */ = {isa = PBXFileReference; lastKnownFileType = file.storyboard; name = Base; path = Base.lproj/LaunchScreen.storyboard; sourceTree = "<group>"; };
		C08A604B252C9F20002CA451 /* Info.plist */ = {isa = PBXFileReference; lastKnownFileType = text.plist.xml; path = Info.plist; sourceTree = "<group>"; };
		C08A6061252CC62A002CA451 /* FilmCell.swift */ = {isa = PBXFileReference; lastKnownFileType = sourcecode.swift; path = FilmCell.swift; sourceTree = "<group>"; };
		C08A6064252E0283002CA451 /* DescriptionViewController.swift */ = {isa = PBXFileReference; lastKnownFileType = sourcecode.swift; path = DescriptionViewController.swift; sourceTree = "<group>"; };
		C08A6067252E113E002CA451 /* Films.swift */ = {isa = PBXFileReference; lastKnownFileType = sourcecode.swift; path = Films.swift; sourceTree = "<group>"; };
		C08A606A252E1440002CA451 /* NetworkService.swift */ = {isa = PBXFileReference; lastKnownFileType = sourcecode.swift; path = NetworkService.swift; sourceTree = "<group>"; };
		C08A606E252E312C002CA451 /* UIAlertController.swift */ = {isa = PBXFileReference; lastKnownFileType = sourcecode.swift; path = UIAlertController.swift; sourceTree = "<group>"; };
		C08A6071252E4462002CA451 /* FilmDescription.swift */ = {isa = PBXFileReference; lastKnownFileType = sourcecode.swift; path = FilmDescription.swift; sourceTree = "<group>"; };
		C08A607C2535CF22002CA451 /* ApiUrl.swift */ = {isa = PBXFileReference; lastKnownFileType = sourcecode.swift; path = ApiUrl.swift; sourceTree = "<group>"; };
/* End PBXFileReference section */

/* Begin PBXFrameworksBuildPhase section */
		C08A6037252C9F1A002CA451 /* Frameworks */ = {
			isa = PBXFrameworksBuildPhase;
			buildActionMask = 2147483647;
			files = (
			);
			runOnlyForDeploymentPostprocessing = 0;
		};
/* End PBXFrameworksBuildPhase section */

/* Begin PBXGroup section */
		C08A6031252C9F1A002CA451 = {
			isa = PBXGroup;
			children = (
				C08A603C252C9F1A002CA451 /* Films */,
				C08A603B252C9F1A002CA451 /* Products */,
			);
			sourceTree = "<group>";
		};
		C08A603B252C9F1A002CA451 /* Products */ = {
			isa = PBXGroup;
			children = (
				C08A603A252C9F1A002CA451 /* Films.app */,
			);
			name = Products;
			sourceTree = "<group>";
		};
		C08A603C252C9F1A002CA451 /* Films */ = {
			isa = PBXGroup;
			children = (
				C08A603D252C9F1A002CA451 /* AppDelegate.swift */,
				C08A603F252C9F1A002CA451 /* SceneDelegate.swift */,
				C08A6055252CA950002CA451 /* Main */,
				C08A6056252CA957002CA451 /* Description */,
				C08A607F2535D08F002CA451 /* ServiceLayer */,
				C08A606D252E310E002CA451 /* Helpers */,
				C08A6058252CA96F002CA451 /* Storyboard */,
				C08A6057252CA968002CA451 /* Support */,
			);
			path = Films;
			sourceTree = "<group>";
		};
		C08A6055252CA950002CA451 /* Main */ = {
			isa = PBXGroup;
			children = (
				C08A605B252CA99A002CA451 /* Controller */,
				C08A6059252CA990002CA451 /* Model */,
			);
			path = Main;
			sourceTree = "<group>";
		};
		C08A6056252CA957002CA451 /* Description */ = {
			isa = PBXGroup;
			children = (
				C08A605E252CA9AE002CA451 /* Controller */,
				C08A605C252CA9A3002CA451 /* Model */,
			);
			path = Description;
			sourceTree = "<group>";
		};
		C08A6057252CA968002CA451 /* Support */ = {
			isa = PBXGroup;
			children = (
				C08A6046252C9F20002CA451 /* Assets.xcassets */,
				C08A604B252C9F20002CA451 /* Info.plist */,
			);
			path = Support;
			sourceTree = "<group>";
		};
		C08A6058252CA96F002CA451 /* Storyboard */ = {
			isa = PBXGroup;
			children = (
				C08A6048252C9F20002CA451 /* LaunchScreen.storyboard */,
			);
			path = Storyboard;
			sourceTree = "<group>";
		};
		C08A6059252CA990002CA451 /* Model */ = {
			isa = PBXGroup;
			children = (
				C08A6067252E113E002CA451 /* Films.swift */,
				C08A607C2535CF22002CA451 /* ApiUrl.swift */,
			);
			path = Model;
			sourceTree = "<group>";
		};
		C08A605B252CA99A002CA451 /* Controller */ = {
			isa = PBXGroup;
			children = (
				C08A6041252C9F1A002CA451 /* MainViewController.swift */,
				C08A6061252CC62A002CA451 /* FilmCell.swift */,
			);
			path = Controller;
			sourceTree = "<group>";
		};
		C08A605C252CA9A3002CA451 /* Model */ = {
			isa = PBXGroup;
			children = (
				C08A6071252E4462002CA451 /* FilmDescription.swift */,
			);
			path = Model;
			sourceTree = "<group>";
		};
		C08A605E252CA9AE002CA451 /* Controller */ = {
			isa = PBXGroup;
			children = (
				C08A6064252E0283002CA451 /* DescriptionViewController.swift */,
			);
			path = Controller;
			sourceTree = "<group>";
		};
		C08A606D252E310E002CA451 /* Helpers */ = {
			isa = PBXGroup;
			children = (
				C08A606E252E312C002CA451 /* UIAlertController.swift */,
			);
			path = Helpers;
			sourceTree = "<group>";
		};
		C08A607F2535D08F002CA451 /* ServiceLayer */ = {
			isa = PBXGroup;
			children = (
				C08A606A252E1440002CA451 /* NetworkService.swift */,
			);
			path = ServiceLayer;
			sourceTree = "<group>";
		};
/* End PBXGroup section */

/* Begin PBXNativeTarget section */
		C08A6039252C9F1A002CA451 /* Films */ = {
			isa = PBXNativeTarget;
			buildConfigurationList = C08A604E252C9F20002CA451 /* Build configuration list for PBXNativeTarget "Films" */;
			buildPhases = (
				C08A6036252C9F1A002CA451 /* Sources */,
				C08A6037252C9F1A002CA451 /* Frameworks */,
				C08A6038252C9F1A002CA451 /* Resources */,
			);
			buildRules = (
			);
			dependencies = (
			);
			name = Films;
			productName = Films;
			productReference = C08A603A252C9F1A002CA451 /* Films.app */;
			productType = "com.apple.product-type.application";
		};
/* End PBXNativeTarget section */

/* Begin PBXProject section */
		C08A6032252C9F1A002CA451 /* Project object */ = {
			isa = PBXProject;
			attributes = {
				LastSwiftUpdateCheck = 1200;
				LastUpgradeCheck = 1200;
				TargetAttributes = {
					C08A6039252C9F1A002CA451 = {
						CreatedOnToolsVersion = 12.0;
					};
				};
			};
			buildConfigurationList = C08A6035252C9F1A002CA451 /* Build configuration list for PBXProject "Films" */;
			compatibilityVersion = "Xcode 9.3";
			developmentRegion = en;
			hasScannedForEncodings = 0;
			knownRegions = (
				en,
				Base,
			);
			mainGroup = C08A6031252C9F1A002CA451;
			productRefGroup = C08A603B252C9F1A002CA451 /* Products */;
			projectDirPath = "";
			projectRoot = "";
			targets = (
				C08A6039252C9F1A002CA451 /* Films */,
			);
		};
/* End PBXProject section */

/* Begin PBXResourcesBuildPhase section */
		C08A6038252C9F1A002CA451 /* Resources */ = {
			isa = PBXResourcesBuildPhase;
			buildActionMask = 2147483647;
			files = (
				C08A604A252C9F20002CA451 /* LaunchScreen.storyboard in Resources */,
				C08A6047252C9F20002CA451 /* Assets.xcassets in Resources */,
			);
			runOnlyForDeploymentPostprocessing = 0;
		};
/* End PBXResourcesBuildPhase section */

/* Begin PBXSourcesBuildPhase section */
		C08A6036252C9F1A002CA451 /* Sources */ = {
			isa = PBXSourcesBuildPhase;
			buildActionMask = 2147483647;
			files = (
				C08A6042252C9F1A002CA451 /* MainViewController.swift in Sources */,
				C08A6068252E113E002CA451 /* Films.swift in Sources */,
				C08A6062252CC62A002CA451 /* FilmCell.swift in Sources */,
				C08A606B252E1440002CA451 /* NetworkService.swift in Sources */,
				C08A6072252E4462002CA451 /* FilmDescription.swift in Sources */,
				C08A606F252E312C002CA451 /* UIAlertController.swift in Sources */,
				C08A603E252C9F1A002CA451 /* AppDelegate.swift in Sources */,
				C08A6065252E0283002CA451 /* DescriptionViewController.swift in Sources */,
				C08A6040252C9F1A002CA451 /* SceneDelegate.swift in Sources */,
				C08A607D2535CF22002CA451 /* ApiUrl.swift in Sources */,
			);
			runOnlyForDeploymentPostprocessing = 0;
		};
/* End PBXSourcesBuildPhase section */

/* Begin PBXVariantGroup section */
		C08A6048252C9F20002CA451 /* LaunchScreen.storyboard */ = {
			isa = PBXVariantGroup;
			children = (
				C08A6049252C9F20002CA451 /* Base */,
			);
			name = LaunchScreen.storyboard;
			sourceTree = "<group>";
		};
/* End PBXVariantGroup section */

/* Begin XCBuildConfiguration section */
		C08A604C252C9F20002CA451 /* Debug */ = {
			isa = XCBuildConfiguration;
			buildSettings = {
				ALWAYS_SEARCH_USER_PATHS = NO;
				CLANG_ANALYZER_NONNULL = YES;
				CLANG_ANALYZER_NUMBER_OBJECT_CONVERSION = YES_AGGRESSIVE;
				CLANG_CXX_LANGUAGE_STANDARD = "gnu++14";
				CLANG_CXX_LIBRARY = "libc++";
				CLANG_ENABLE_MODULES = YES;
				CLANG_ENABLE_OBJC_ARC = YES;
				CLANG_ENABLE_OBJC_WEAK = YES;
				CLANG_WARN_BLOCK_CAPTURE_AUTORELEASING = YES;
				CLANG_WARN_BOOL_CONVERSION = YES;
				CLANG_WARN_COMMA = YES;
				CLANG_WARN_CONSTANT_CONVERSION = YES;
				CLANG_WARN_DEPRECATED_OBJC_IMPLEMENTATIONS = YES;
				CLANG_WARN_DIRECT_OBJC_ISA_USAGE = YES_ERROR;
				CLANG_WARN_DOCUMENTATION_COMMENTS = YES;
				CLANG_WARN_EMPTY_BODY = YES;
				CLANG_WARN_ENUM_CONVERSION = YES;
				CLANG_WARN_INFINITE_RECURSION = YES;
				CLANG_WARN_INT_CONVERSION = YES;
				CLANG_WARN_NON_LITERAL_NULL_CONVERSION = YES;
				CLANG_WARN_OBJC_IMPLICIT_RETAIN_SELF = YES;
				CLANG_WARN_OBJC_LITERAL_CONVERSION = YES;
				CLANG_WARN_OBJC_ROOT_CLASS = YES_ERROR;
				CLANG_WARN_QUOTED_INCLUDE_IN_FRAMEWORK_HEADER = YES;
				CLANG_WARN_RANGE_LOOP_ANALYSIS = YES;
				CLANG_WARN_STRICT_PROTOTYPES = YES;
				CLANG_WARN_SUSPICIOUS_MOVE = YES;
				CLANG_WARN_UNGUARDED_AVAILABILITY = YES_AGGRESSIVE;
				CLANG_WARN_UNREACHABLE_CODE = YES;
				CLANG_WARN__DUPLICATE_METHOD_MATCH = YES;
				COPY_PHASE_STRIP = NO;
				DEBUG_INFORMATION_FORMAT = dwarf;
				ENABLE_STRICT_OBJC_MSGSEND = YES;
				ENABLE_TESTABILITY = YES;
				GCC_C_LANGUAGE_STANDARD = gnu11;
				GCC_DYNAMIC_NO_PIC = NO;
				GCC_NO_COMMON_BLOCKS = YES;
				GCC_OPTIMIZATION_LEVEL = 0;
				GCC_PREPROCESSOR_DEFINITIONS = (
					"DEBUG=1",
					"$(inherited)",
				);
				GCC_WARN_64_TO_32_BIT_CONVERSION = YES;
				GCC_WARN_ABOUT_RETURN_TYPE = YES_ERROR;
				GCC_WARN_UNDECLARED_SELECTOR = YES;
				GCC_WARN_UNINITIALIZED_AUTOS = YES_AGGRESSIVE;
				GCC_WARN_UNUSED_FUNCTION = YES;
				GCC_WARN_UNUSED_VARIABLE = YES;
				IPHONEOS_DEPLOYMENT_TARGET = 14.0;
				MTL_ENABLE_DEBUG_INFO = INCLUDE_SOURCE;
				MTL_FAST_MATH = YES;
				ONLY_ACTIVE_ARCH = YES;
				SDKROOT = iphoneos;
				SWIFT_ACTIVE_COMPILATION_CONDITIONS = DEBUG;
				SWIFT_OPTIMIZATION_LEVEL = "-Onone";
			};
			name = Debug;
		};
		C08A604D252C9F20002CA451 /* Release */ = {
			isa = XCBuildConfiguration;
			buildSettings = {
				ALWAYS_SEARCH_USER_PATHS = NO;
				CLANG_ANALYZER_NONNULL = YES;
				CLANG_ANALYZER_NUMBER_OBJECT_CONVERSION = YES_AGGRESSIVE;
				CLANG_CXX_LANGUAGE_STANDARD = "gnu++14";
				CLANG_CXX_LIBRARY = "libc++";
				CLANG_ENABLE_MODULES = YES;
				CLANG_ENABLE_OBJC_ARC = YES;
				CLANG_ENABLE_OBJC_WEAK = YES;
				CLANG_WARN_BLOCK_CAPTURE_AUTORELEASING = YES;
				CLANG_WARN_BOOL_CONVERSION = YES;
				CLANG_WARN_COMMA = YES;
				CLANG_WARN_CONSTANT_CONVERSION = YES;
				CLANG_WARN_DEPRECATED_OBJC_IMPLEMENTATIONS = YES;
				CLANG_WARN_DIRECT_OBJC_ISA_USAGE = YES_ERROR;
				CLANG_WARN_DOCUMENTATION_COMMENTS = YES;
				CLANG_WARN_EMPTY_BODY = YES;
				CLANG_WARN_ENUM_CONVERSION = YES;
				CLANG_WARN_INFINITE_RECURSION = YES;
				CLANG_WARN_INT_CONVERSION = YES;
				CLANG_WARN_NON_LITERAL_NULL_CONVERSION = YES;
				CLANG_WARN_OBJC_IMPLICIT_RETAIN_SELF = YES;
				CLANG_WARN_OBJC_LITERAL_CONVERSION = YES;
				CLANG_WARN_OBJC_ROOT_CLASS = YES_ERROR;
				CLANG_WARN_QUOTED_INCLUDE_IN_FRAMEWORK_HEADER = YES;
				CLANG_WARN_RANGE_LOOP_ANALYSIS = YES;
				CLANG_WARN_STRICT_PROTOTYPES = YES;
				CLANG_WARN_SUSPICIOUS_MOVE = YES;
				CLANG_WARN_UNGUARDED_AVAILABILITY = YES_AGGRESSIVE;
				CLANG_WARN_UNREACHABLE_CODE = YES;
				CLANG_WARN__DUPLICATE_METHOD_MATCH = YES;
				COPY_PHASE_STRIP = NO;
				DEBUG_INFORMATION_FORMAT = "dwarf-with-dsym";
				ENABLE_NS_ASSERTIONS = NO;
				ENABLE_STRICT_OBJC_MSGSEND = YES;
				GCC_C_LANGUAGE_STANDARD = gnu11;
				GCC_NO_COMMON_BLOCKS = YES;
				GCC_WARN_64_TO_32_BIT_CONVERSION = YES;
				GCC_WARN_ABOUT_RETURN_TYPE = YES_ERROR;
				GCC_WARN_UNDECLARED_SELECTOR = YES;
				GCC_WARN_UNINITIALIZED_AUTOS = YES_AGGRESSIVE;
				GCC_WARN_UNUSED_FUNCTION = YES;
				GCC_WARN_UNUSED_VARIABLE = YES;
				IPHONEOS_DEPLOYMENT_TARGET = 14.0;
				MTL_ENABLE_DEBUG_INFO = NO;
				MTL_FAST_MATH = YES;
				SDKROOT = iphoneos;
				SWIFT_COMPILATION_MODE = wholemodule;
				SWIFT_OPTIMIZATION_LEVEL = "-O";
				VALIDATE_PRODUCT = YES;
			};
			name = Release;
		};
		C08A604F252C9F20002CA451 /* Debug */ = {
			isa = XCBuildConfiguration;
			buildSettings = {
				ASSETCATALOG_COMPILER_APPICON_NAME = AppIcon;
				ASSETCATALOG_COMPILER_GLOBAL_ACCENT_COLOR_NAME = AccentColor;
				CODE_SIGN_STYLE = Automatic;
				DEVELOPMENT_TEAM = 564HW78Z23;
				INFOPLIST_FILE = Films/Support/Info.plist;
				LD_RUNPATH_SEARCH_PATHS = (
					"$(inherited)",
					"@executable_path/Frameworks",
				);
				PRODUCT_BUNDLE_IDENTIFIER = home.Films;
				PRODUCT_NAME = "$(TARGET_NAME)";
				SWIFT_VERSION = 5.0;
				TARGETED_DEVICE_FAMILY = "1,2";
			};
			name = Debug;
		};
		C08A6050252C9F20002CA451 /* Release */ = {
			isa = XCBuildConfiguration;
			buildSettings = {
				ASSETCATALOG_COMPILER_APPICON_NAME = AppIcon;
				ASSETCATALOG_COMPILER_GLOBAL_ACCENT_COLOR_NAME = AccentColor;
				CODE_SIGN_STYLE = Automatic;
				DEVELOPMENT_TEAM = 564HW78Z23;
				INFOPLIST_FILE = Films/Support/Info.plist;
				LD_RUNPATH_SEARCH_PATHS = (
					"$(inherited)",
					"@executable_path/Frameworks",
				);
				PRODUCT_BUNDLE_IDENTIFIER = home.Films;
				PRODUCT_NAME = "$(TARGET_NAME)";
				SWIFT_VERSION = 5.0;
				TARGETED_DEVICE_FAMILY = "1,2";
			};
			name = Release;
		};
/* End XCBuildConfiguration section */

/* Begin XCConfigurationList section */
		C08A6035252C9F1A002CA451 /* Build configuration list for PBXProject "Films" */ = {
			isa = XCConfigurationList;
			buildConfigurations = (
				C08A604C252C9F20002CA451 /* Debug */,
				C08A604D252C9F20002CA451 /* Release */,
			);
			defaultConfigurationIsVisible = 0;
			defaultConfigurationName = Release;
		};
		C08A604E252C9F20002CA451 /* Build configuration list for PBXNativeTarget "Films" */ = {
			isa = XCConfigurationList;
			buildConfigurations = (
				C08A604F252C9F20002CA451 /* Debug */,
				C08A6050252C9F20002CA451 /* Release */,
			);
			defaultConfigurationIsVisible = 0;
			defaultConfigurationName = Release;
		};
/* End XCConfigurationList section */
	};
	rootObject = C08A6032252C9F1A002CA451 /* Project object */;
}
